// !$*UTF8*$!
{
	archiveVersion = 1;
	classes = {
	};
	objectVersion = 46;
	objects = {
		E189B6BCD6947A30E86BCBC4 = {
			isa = PBXBuildFile;
			fileRef = 9FD34FBE22B252DED1AD17B3;
		};
		34BBB46942AA75C6B5C9375B = {
			isa = PBXBuildFile;
			fileRef = C11C5F8EDEBAB55626374BC5;
		};
		A751912615A350FDB8CBF3B8 = {
			isa = PBXBuildFile;
			fileRef = 5DD0AA334A46363A077533F0;
		};
		EAE176F2316BF5AF9B7CCEA5 = {
			isa = PBXBuildFile;
			fileRef = 7D197FA9555315432B6C2CC8;
		};
		0FE8520B4E6EB4268159EBF6 = {
			isa = PBXBuildFile;
			fileRef = F8188B18A00A94CF940CBE1C;
		};
		0A1B80493EDF7DD9237129EB = {
			isa = PBXBuildFile;
			fileRef = 9B69D6605D4546DA43DE779F;
		};
		47EB3C3932EBB0857F3D4691 = {
			isa = PBXBuildFile;
			fileRef = 6012718B61BF089F77B8213D;
		};
		06256E91BCE982D694A5F93C = {
			isa = PBXBuildFile;
			fileRef = EFB8557B8CA99451CFEAA96D;
		};
		D78042B4EFA8E8F0E198464E = {
			isa = PBXBuildFile;
			fileRef = E407F505B36B74904DA89346;
		};
		3BF1306450C1FC0D5C23A641 = {
			isa = PBXBuildFile;
			fileRef = 981A3CD85585C6FBA8D72026;
		};
		7FFEDE722EC3FCC933E1BF9F = {
			isa = PBXBuildFile;
			fileRef = F9168C4C22B26A4261714B36;
		};
		750BA3B803CCFB49F47E6A0B = {
			isa = PBXBuildFile;
			fileRef = DE226230FA0A6B99F64F5692;
		};
		70EF297EB02F41708BD55E8F = {
			isa = PBXBuildFile;
			fileRef = 9FD35C40CD9F752852496947;
		};
		689F19605F1C249ACD29DEDE = {
			isa = PBXBuildFile;
			fileRef = CA74273CEFC7EC0A6D521CBA;
		};
		02ABDD398F06377B9C33E29C = {
			isa = PBXBuildFile;
			fileRef = 21322FB37F80F5EB48735289;
		};
		A497C0E91D922447C2F3797B = {
			isa = PBXBuildFile;
			fileRef = 7DE083CBDA57DD940EADF5E1;
		};
		06D6038EACB727A30A51897A = {
			isa = PBXBuildFile;
			fileRef = F3B81B464D232A8E0FFD4026;
		};
		09C6777235E3F3E6AEF3D7CF = {
			isa = PBXBuildFile;
			fileRef = BDC926D579C1BC6EC9DB7ECF;
		};
		3E1DC3A9D1CE56F2D1C73292 = {
			isa = PBXBuildFile;
			fileRef = 86FE24D41B4C4F93C19C4E84;
		};
		F5DD22F5E94C7D66B6A2F803 = {
			isa = PBXBuildFile;
			fileRef = 81837068D760339F2A2B209F;
		};
		98D9F93C485EA75776470480 = {
			isa = PBXBuildFile;
			fileRef = 522A06BC1BF760B3CDDFE778;
		};
		EB93F2A4501C4313278126BC = {
			isa = PBXBuildFile;
			fileRef = 14A049F8EEC8255FCD612270;
		};
		C72F636A32FF4881FAD719E0 = {
			isa = PBXBuildFile;
			fileRef = 21C5C737DA30B85DE95BF7A8;
		};
		A949FA10DDDC5AC09AF9919A = {
			isa = PBXBuildFile;
			fileRef = E5805390D10657D4C1C0732E;
		};
		10CF7E7C66EF750EE256BF65 = {
			isa = PBXBuildFile;
			fileRef = EA0EEC0DA4A8C8AF8FEA3C3E;
		};
		FD2F331AAEE41404B4B4E8FA = {
			isa = PBXBuildFile;
			fileRef = 3CD806F987754A3234F06E4F;
		};
		174115ED0909E03AA760FAE3 = {
			isa = PBXBuildFile;
			fileRef = 8D10E1C737B58AE5049364BD;
		};
		8172958BDF55AC8772E5E950 = {
			isa = PBXBuildFile;
			fileRef = 724213486F7511BA6DC58B23;
		};
		507024F0F061B818BBA1D64D = {
			isa = PBXBuildFile;
			fileRef = 5E8B3B25D43369A1B9455875;
		};
		2FB4D5070D3EE968B449F830 = {
			isa = PBXBuildFile;
			fileRef = 43613EE832EDBE4D72C9FDC7;
		};
		168D4BD26C96339FACCE2B05 = {
			isa = PBXBuildFile;
			fileRef = 33C3B1EEF9597623B4EFCB2B;
		};
		A27D4F964EC7CA496D62BC05 = {
			isa = PBXBuildFile;
			fileRef = B40391250A4407321811579E;
		};
		1152FA6994F1C50CE1F41059 = {
			isa = PBXBuildFile;
			fileRef = 18AF35521CA4CB08DD7FB4BB;
		};
		D97DC19748470B4230A2B18D = {
			isa = PBXBuildFile;
			fileRef = 0C0577E3547496FE471787F2;
		};
		DFE9A5BE8B23A3E57BC755D2 = {
			isa = PBXBuildFile;
			fileRef = E33BE32E38BA6F248679070A;
		};
		C55F4069A0BBDA33A4CF58A5 = {
			isa = PBXBuildFile;
			fileRef = 8FABF3565B155262AEA003E9;
		};
		56576ECC78C3DAC3618A54F2 = {
			isa = PBXBuildFile;
			fileRef = 1E7EE4898262F6DFBBBCF371;
		};
		DD3FCCA7539F600D04465BAB = {
			isa = PBXBuildFile;
			fileRef = A51D66D8C7D834652A61B9FB;
		};
		5E27B1257DB3F1E77625AEAE = {
			isa = PBXBuildFile;
			fileRef = FFCA37645FA6E931DE146158;
		};
		2A8AEF9B0BB03E834160520D = {
			isa = PBXBuildFile;
			fileRef = 2C7B09DE2E626084A4DA0A74;
		};
		BFA893A1D478A5B5FAD6376E = {
			isa = PBXBuildFile;
			fileRef = 96BF008F800D6FCD2B3D545D;
		};
		072682708797A69838AEFBF0 = {
			isa = PBXFileReference;
			lastKnownFileType = file;
			name = "juce_events";
			path = "/Users/emmethayes/Documents/Eventide/nativeplugins-dev/plugins/ExternalSDKs/JUCE/modules/juce_events";
			sourceTree = "<absolute>";
		};
		0C0577E3547496FE471787F2 = {
			isa = PBXFileReference;
			lastKnownFileType = sourcecode.cpp.objcpp;
			name = "include_juce_cryptography.mm";
			path = "../../JuceLibraryCode/include_juce_cryptography.mm";
			sourceTree = "SOURCE_ROOT";
		};
		11757C43FC7BD01D7EE9A823 = {
			isa = PBXFileReference;
			lastKnownFileType = file;
			name = "juce_core";
			path = "/Users/emmethayes/Documents/Eventide/nativeplugins-dev/plugins/ExternalSDKs/JUCE/modules/juce_core";
			sourceTree = "<absolute>";
		};
		1302CD4258320C47C919127A = {
			isa = PBXFileReference;
			lastKnownFileType = file;
			name = "juce_data_structures";
			path = "/Users/emmethayes/Documents/Eventide/nativeplugins-dev/plugins/ExternalSDKs/JUCE/modules/juce_data_structures";
			sourceTree = "<absolute>";
		};
		14A049F8EEC8255FCD612270 = {
			isa = PBXFileReference;
			lastKnownFileType = sourcecode.cpp.objcpp;
			name = "include_juce_audio_basics.mm";
			path = "../../JuceLibraryCode/include_juce_audio_basics.mm";
			sourceTree = "SOURCE_ROOT";
		};
		1876D66DB21E1450584CA071 = {
			isa = PBXFileReference;
			lastKnownFileType = file;
			name = "juce_audio_formats";
			path = "/Users/emmethayes/Documents/Eventide/nativeplugins-dev/plugins/ExternalSDKs/JUCE/modules/juce_audio_formats";
			sourceTree = "<absolute>";
		};
		18AF35521CA4CB08DD7FB4BB = {
			isa = PBXFileReference;
			lastKnownFileType = sourcecode.cpp.objcpp;
			name = "include_juce_core.mm";
			path = "../../JuceLibraryCode/include_juce_core.mm";
			sourceTree = "SOURCE_ROOT";
		};
		1E7EE4898262F6DFBBBCF371 = {
			isa = PBXFileReference;
			lastKnownFileType = sourcecode.cpp.objcpp;
			name = "include_juce_events.mm";
			path = "../../JuceLibraryCode/include_juce_events.mm";
			sourceTree = "SOURCE_ROOT";
		};
		21295156BAC91FDFEF23B287 = {
			isa = PBXFileReference;
			lastKnownFileType = sourcecode.c.h;
			name = SynthVoice.h;
			path = ../../Source/SynthVoice.h;
			sourceTree = "SOURCE_ROOT";
		};
		21322FB37F80F5EB48735289 = {
			isa = PBXFileReference;
			lastKnownFileType = wrapper.framework;
			name = QuartzCore.framework;
			path = System/Library/Frameworks/QuartzCore.framework;
			sourceTree = SDKROOT;
		};
		21C5C737DA30B85DE95BF7A8 = {
			isa = PBXFileReference;
			lastKnownFileType = sourcecode.cpp.objcpp;
			name = "include_juce_audio_devices.mm";
			path = "../../JuceLibraryCode/include_juce_audio_devices.mm";
			sourceTree = "SOURCE_ROOT";
		};
		224CE7447D7E4F7FFE5998B3 = {
			isa = PBXFileReference;
			lastKnownFileType = sourcecode.c.h;
			name = PluginProcessor.h;
			path = ../../Source/PluginProcessor.h;
			sourceTree = "SOURCE_ROOT";
		};
		2C7B09DE2E626084A4DA0A74 = {
			isa = PBXFileReference;
			lastKnownFileType = sourcecode.cpp.objcpp;
			name = "include_juce_gui_extra.mm";
			path = "../../JuceLibraryCode/include_juce_gui_extra.mm";
			sourceTree = "SOURCE_ROOT";
		};
		33C3B1EEF9597623B4EFCB2B = {
			isa = PBXFileReference;
			lastKnownFileType = sourcecode.cpp.objcpp;
			name = "include_juce_audio_processors.mm";
			path = "../../JuceLibraryCode/include_juce_audio_processors.mm";
			sourceTree = "SOURCE_ROOT";
		};
		34E5719050602128956BEF1C = {
			isa = PBXFileReference;
			lastKnownFileType = file;
			name = "juce_audio_processors";
			path = "/Users/emmethayes/Documents/Eventide/nativeplugins-dev/plugins/ExternalSDKs/JUCE/modules/juce_audio_processors";
			sourceTree = "<absolute>";
		};
		3A11FE166E8FB73869121F51 = {
			isa = PBXFileReference;
			lastKnownFileType = file;
			name = "juce_dsp";
			path = "/Users/emmethayes/Documents/Eventide/nativeplugins-dev/plugins/ExternalSDKs/JUCE/modules/juce_dsp";
			sourceTree = "<absolute>";
		};
		3CD806F987754A3234F06E4F = {
			isa = PBXFileReference;
			lastKnownFileType = sourcecode.cpp.objcpp;
			name = "include_juce_audio_plugin_client_AU_1.mm";
			path = "../../JuceLibraryCode/include_juce_audio_plugin_client_AU_1.mm";
			sourceTree = "SOURCE_ROOT";
		};
		3D8454443A95A9B166BBDF17 = {
			isa = PBXFileReference;
			lastKnownFileType = file;
			name = "juce_audio_utils";
			path = "/Users/emmethayes/Documents/Eventide/nativeplugins-dev/plugins/ExternalSDKs/JUCE/modules/juce_audio_utils";
			sourceTree = "<absolute>";
		};
		43613EE832EDBE4D72C9FDC7 = {
			isa = PBXFileReference;
			lastKnownFileType = sourcecode.cpp.cpp;
			name = "include_juce_audio_plugin_client_VST3.cpp";
			path = "../../JuceLibraryCode/include_juce_audio_plugin_client_VST3.cpp";
			sourceTree = "SOURCE_ROOT";
		};
		456C17029282E1EA45ED7BF4 = {
			isa = PBXFileReference;
			lastKnownFileType = file;
			name = "juce_audio_basics";
			path = "/Users/emmethayes/Documents/Eventide/nativeplugins-dev/plugins/ExternalSDKs/JUCE/modules/juce_audio_basics";
			sourceTree = "<absolute>";
		};
		522A06BC1BF760B3CDDFE778 = {
			isa = PBXFileReference;
			lastKnownFileType = sourcecode.cpp.cpp;
			name = PluginEditor.cpp;
			path = ../../Source/PluginEditor.cpp;
			sourceTree = "SOURCE_ROOT";
		};
		56C7F92AC03303943CF35671 = {
			isa = PBXFileReference;
			lastKnownFileType = text.plist.xml;
			name = "Info-AU.plist";
			path = "Info-AU.plist";
			sourceTree = "SOURCE_ROOT";
		};
		57616846E74F11FCC5283AAA = {
			isa = PBXFileReference;
			lastKnownFileType = sourcecode.c.h;
			name = ScopeComponent.h;
			path = ../../Source/ScopeComponent.h;
			sourceTree = "SOURCE_ROOT";
		};
		5895EFE96C6D83556110E521 = {
			isa = PBXFileReference;
			lastKnownFileType = sourcecode.c.h;
			name = PluginEditor.h;
			path = ../../Source/PluginEditor.h;
			sourceTree = "SOURCE_ROOT";
		};
		5E8B3B25D43369A1B9455875 = {
			isa = PBXFileReference;
			lastKnownFileType = sourcecode.cpp.objcpp;
			name = "include_juce_audio_plugin_client_VST_utils.mm";
			path = "../../JuceLibraryCode/include_juce_audio_plugin_client_VST_utils.mm";
			sourceTree = "SOURCE_ROOT";
		};
		6012718B61BF089F77B8213D = {
			isa = PBXFileReference;
			lastKnownFileType = wrapper.framework;
			name = Carbon.framework;
			path = System/Library/Frameworks/Carbon.framework;
			sourceTree = SDKROOT;
		};
		612B4617FDA97D6B7BBCB573 = {
			isa = PBXFileReference;
			lastKnownFileType = file;
			name = "juce_gui_basics";
			path = "/Users/emmethayes/Documents/Eventide/nativeplugins-dev/plugins/ExternalSDKs/JUCE/modules/juce_gui_basics";
			sourceTree = "<absolute>";
		};
		693B8DC7DE8BAB55FF237D5F = {
			isa = PBXFileReference;
			lastKnownFileType = file;
			name = "juce_cryptography";
			path = "/Users/emmethayes/Documents/Eventide/nativeplugins-dev/plugins/ExternalSDKs/JUCE/modules/juce_cryptography";
			sourceTree = "<absolute>";
		};
		724213486F7511BA6DC58B23 = {
			isa = PBXFileReference;
			lastKnownFileType = sourcecode.cpp.cpp;
			name = "include_juce_audio_plugin_client_utils.cpp";
			path = "../../JuceLibraryCode/include_juce_audio_plugin_client_utils.cpp";
			sourceTree = "SOURCE_ROOT";
		};
		7D197FA9555315432B6C2CC8 = {
			isa = PBXFileReference;
			lastKnownFileType = wrapper.framework;
			name = AudioUnit.framework;
			path = System/Library/Frameworks/AudioUnit.framework;
			sourceTree = SDKROOT;
		};
		81837068D760339F2A2B209F = {
			isa = PBXFileReference;
			lastKnownFileType = sourcecode.cpp.cpp;
			name = PluginProcessor.cpp;
			path = ../../Source/PluginProcessor.cpp;
			sourceTree = "SOURCE_ROOT";
		};
		86FE24D41B4C4F93C19C4E84 = {
			isa = PBXFileReference;
			lastKnownFileType = sourcecode.cpp.cpp;
			name = Emmetdsp.cpp;
			path = ../../Source/Emmetdsp.cpp;
			sourceTree = "SOURCE_ROOT";
		};
		8D10E1C737B58AE5049364BD = {
			isa = PBXFileReference;
			lastKnownFileType = sourcecode.cpp.objcpp;
			name = "include_juce_audio_plugin_client_AU_2.mm";
			path = "../../JuceLibraryCode/include_juce_audio_plugin_client_AU_2.mm";
			sourceTree = "SOURCE_ROOT";
		};
		8FABF3565B155262AEA003E9 = {
			isa = PBXFileReference;
			lastKnownFileType = sourcecode.cpp.objcpp;
			name = "include_juce_dsp.mm";
			path = "../../JuceLibraryCode/include_juce_dsp.mm";
			sourceTree = "SOURCE_ROOT";
		};
		96BF008F800D6FCD2B3D545D = {
			isa = PBXFileReference;
			lastKnownFileType = sourcecode.cpp.objcpp;
			name = "include_juce_opengl.mm";
			path = "../../JuceLibraryCode/include_juce_opengl.mm";
			sourceTree = "SOURCE_ROOT";
		};
		981A3CD85585C6FBA8D72026 = {
			isa = PBXFileReference;
			lastKnownFileType = wrapper.framework;
			name = CoreAudioKit.framework;
			path = System/Library/Frameworks/CoreAudioKit.framework;
			sourceTree = SDKROOT;
		};
		9B69D6605D4546DA43DE779F = {
			isa = PBXFileReference;
			lastKnownFileType = wrapper.framework;
			name = AudioToolbox.framework;
			path = System/Library/Frameworks/AudioToolbox.framework;
			sourceTree = SDKROOT;
		};
		9FD34FBE22B252DED1AD17B3 = {
			isa = PBXFileReference;
			explicitFileType = wrapper.cfbundle;
			includeInIndex = 0;
			path = BatSynth.vst3;
			sourceTree = "BUILT_PRODUCTS_DIR";
		};
		A20A9DAB609AF8535F06B893 = {
			isa = PBXFileReference;
			lastKnownFileType = sourcecode.c.h;
			name = JuceHeader.h;
			path = ../../JuceLibraryCode/JuceHeader.h;
			sourceTree = "SOURCE_ROOT";
		};
		A51D66D8C7D834652A61B9FB = {
			isa = PBXFileReference;
			lastKnownFileType = sourcecode.cpp.objcpp;
			name = "include_juce_graphics.mm";
			path = "../../JuceLibraryCode/include_juce_graphics.mm";
			sourceTree = "SOURCE_ROOT";
		};
		A87AF989BF840BBF1223D5D6 = {
			isa = PBXFileReference;
			lastKnownFileType = file;
			name = "juce_audio_plugin_client";
			path = "/Users/emmethayes/Documents/Eventide/nativeplugins-dev/plugins/ExternalSDKs/JUCE/modules/juce_audio_plugin_client";
			sourceTree = "<absolute>";
		};
		ACA760BEF7315E8BAE89F096 = {
			isa = PBXFileReference;
			lastKnownFileType = file;
			name = "juce_audio_devices";
			path = "/Users/emmethayes/Documents/Eventide/nativeplugins-dev/plugins/ExternalSDKs/JUCE/modules/juce_audio_devices";
			sourceTree = "<absolute>";
		};
		ADD72ECDF96DD6E2F79EEB6C = {
			isa = PBXFileReference;
			lastKnownFileType = file;
			name = "juce_graphics";
			path = "/Users/emmethayes/Documents/Eventide/nativeplugins-dev/plugins/ExternalSDKs/JUCE/modules/juce_graphics";
			sourceTree = "<absolute>";
		};
		B40391250A4407321811579E = {
			isa = PBXFileReference;
			lastKnownFileType = sourcecode.cpp.objcpp;
			name = "include_juce_audio_utils.mm";
			path = "../../JuceLibraryCode/include_juce_audio_utils.mm";
			sourceTree = "SOURCE_ROOT";
		};
		C11C5F8EDEBAB55626374BC5 = {
			isa = PBXFileReference;
			explicitFileType = wrapper.cfbundle;
			includeInIndex = 0;
			path = BatSynth.component;
			sourceTree = "BUILT_PRODUCTS_DIR";
		};
		5DD0AA334A46363A077533F0 = {
			isa = PBXFileReference;
			explicitFileType = archive.ar;
			includeInIndex = 0;
			path = libBatSynth.a;
			sourceTree = "BUILT_PRODUCTS_DIR";
		};
		7DE083CBDA57DD940EADF5E1 = {
			isa = PBXFileReference;
			lastKnownFileType = wrapper.framework;
			name = WebKit.framework;
			path = System/Library/Frameworks/WebKit.framework;
			sourceTree = SDKROOT;
		};
		9FD35C40CD9F752852496947 = {
			isa = PBXFileReference;
			lastKnownFileType = wrapper.framework;
			name = IOKit.framework;
			path = System/Library/Frameworks/IOKit.framework;
			sourceTree = SDKROOT;
		};
		A5FAF22348BD94B62C2B271D = {
			isa = PBXFileReference;
			lastKnownFileType = sourcecode.c.h;
			name = CustomFeel.h;
			path = ../../Source/CustomFeel.h;
			sourceTree = "SOURCE_ROOT";
		};
		BDC926D579C1BC6EC9DB7ECF = {
			isa = PBXFileReference;
			lastKnownFileType = sourcecode.cpp.cpp;
			name = CustomFeel.cpp;
			path = ../../Source/CustomFeel.cpp;
			sourceTree = "SOURCE_ROOT";
		};
		BF827E9D6D8CE3E6450A15CD = {
			isa = PBXFileReference;
			lastKnownFileType = sourcecode.c.h;
			name = SynthSounds.h;
			path = ../../Source/SynthSounds.h;
			sourceTree = "SOURCE_ROOT";
		};
		CA74273CEFC7EC0A6D521CBA = {
			isa = PBXFileReference;
			lastKnownFileType = wrapper.framework;
			name = OpenGL.framework;
			path = System/Library/Frameworks/OpenGL.framework;
			sourceTree = SDKROOT;
		};
		DE226230FA0A6B99F64F5692 = {
			isa = PBXFileReference;
			lastKnownFileType = wrapper.framework;
			name = DiscRecording.framework;
			path = System/Library/Frameworks/DiscRecording.framework;
			sourceTree = SDKROOT;
		};
		DFFD860B789B93F5E7CF3E01 = {
			isa = PBXFileReference;
			lastKnownFileType = sourcecode.c.h;
			name = Emmetdsp.h;
			path = ../../Source/Emmetdsp.h;
			sourceTree = "SOURCE_ROOT";
		};
		E214D354DF524309C2B75D3E = {
			isa = PBXFileReference;
			lastKnownFileType = text.plist.xml;
			name = "Info-VST3.plist";
			path = "Info-VST3.plist";
			sourceTree = "SOURCE_ROOT";
		};
		E33BE32E38BA6F248679070A = {
			isa = PBXFileReference;
			lastKnownFileType = sourcecode.cpp.objcpp;
			name = "include_juce_data_structures.mm";
			path = "../../JuceLibraryCode/include_juce_data_structures.mm";
			sourceTree = "SOURCE_ROOT";
		};
		E407F505B36B74904DA89346 = {
			isa = PBXFileReference;
			lastKnownFileType = wrapper.framework;
			name = CoreAudio.framework;
			path = System/Library/Frameworks/CoreAudio.framework;
			sourceTree = SDKROOT;
		};
		E5805390D10657D4C1C0732E = {
			isa = PBXFileReference;
			lastKnownFileType = sourcecode.cpp.objcpp;
			name = "include_juce_audio_formats.mm";
			path = "../../JuceLibraryCode/include_juce_audio_formats.mm";
			sourceTree = "SOURCE_ROOT";
		};
		EA0EEC0DA4A8C8AF8FEA3C3E = {
			isa = PBXFileReference;
			lastKnownFileType = file.r;
			name = "include_juce_audio_plugin_client_AU.r";
			path = "../../JuceLibraryCode/include_juce_audio_plugin_client_AU.r";
			sourceTree = "SOURCE_ROOT";
		};
		EA57B3EDA63B8BCEFA9080EA = {
			isa = PBXFileReference;
			lastKnownFileType = file;
			name = "juce_opengl";
			path = "/Users/emmethayes/Documents/Eventide/nativeplugins-dev/plugins/ExternalSDKs/JUCE/modules/juce_opengl";
			sourceTree = "<absolute>";
		};
		EDC9B8A84CB64AEB5B832F25 = {
			isa = PBXFileReference;
			lastKnownFileType = file;
			name = "juce_gui_extra";
			path = "/Users/emmethayes/Documents/Eventide/nativeplugins-dev/plugins/ExternalSDKs/JUCE/modules/juce_gui_extra";
			sourceTree = "<absolute>";
		};
		EFB8557B8CA99451CFEAA96D = {
			isa = PBXFileReference;
			lastKnownFileType = wrapper.framework;
			name = Cocoa.framework;
			path = System/Library/Frameworks/Cocoa.framework;
			sourceTree = SDKROOT;
		};
		F3B81B464D232A8E0FFD4026 = {
			isa = PBXFileReference;
			lastKnownFileType = file.nib;
			name = RecentFilesMenuTemplate.nib;
			path = RecentFilesMenuTemplate.nib;
			sourceTree = "SOURCE_ROOT";
		};
		F8188B18A00A94CF940CBE1C = {
			isa = PBXFileReference;
			lastKnownFileType = wrapper.framework;
			name = Accelerate.framework;
			path = System/Library/Frameworks/Accelerate.framework;
			sourceTree = SDKROOT;
		};
		F9168C4C22B26A4261714B36 = {
			isa = PBXFileReference;
			lastKnownFileType = wrapper.framework;
			name = CoreMIDI.framework;
			path = System/Library/Frameworks/CoreMIDI.framework;
			sourceTree = SDKROOT;
		};
		FA4328C65876C3A9C9CEC80A = {
			isa = PBXFileReference;
			lastKnownFileType = sourcecode.c.h;
			name = AppConfig.h;
			path = ../../JuceLibraryCode/AppConfig.h;
			sourceTree = "SOURCE_ROOT";
		};
		FFCA37645FA6E931DE146158 = {
			isa = PBXFileReference;
			lastKnownFileType = sourcecode.cpp.objcpp;
			name = "include_juce_gui_basics.mm";
			path = "../../JuceLibraryCode/include_juce_gui_basics.mm";
			sourceTree = "SOURCE_ROOT";
		};
		2C3485C1374ED9C057F57D2A = {
			isa = PBXGroup;
			children = (
				BDC926D579C1BC6EC9DB7ECF,
				A5FAF22348BD94B62C2B271D,
				86FE24D41B4C4F93C19C4E84,
				DFFD860B789B93F5E7CF3E01,
				57616846E74F11FCC5283AAA,
				BF827E9D6D8CE3E6450A15CD,
				21295156BAC91FDFEF23B287,
				81837068D760339F2A2B209F,
				224CE7447D7E4F7FFE5998B3,
				522A06BC1BF760B3CDDFE778,
				5895EFE96C6D83556110E521,
			);
			name = Source;
			sourceTree = "<group>";
		};
		86CB9656E2EBAAAF6DF90BF7 = {
			isa = PBXGroup;
			children = (
				2C3485C1374ED9C057F57D2A,
			);
			name = BatSynth;
			sourceTree = "<group>";
		};
		31340691F060D49A9A3D468D = {
			isa = PBXGroup;
			children = (
				456C17029282E1EA45ED7BF4,
				ACA760BEF7315E8BAE89F096,
				1876D66DB21E1450584CA071,
				A87AF989BF840BBF1223D5D6,
				34E5719050602128956BEF1C,
				3D8454443A95A9B166BBDF17,
				11757C43FC7BD01D7EE9A823,
				693B8DC7DE8BAB55FF237D5F,
				1302CD4258320C47C919127A,
				3A11FE166E8FB73869121F51,
				072682708797A69838AEFBF0,
				ADD72ECDF96DD6E2F79EEB6C,
				612B4617FDA97D6B7BBCB573,
				EDC9B8A84CB64AEB5B832F25,
				EA57B3EDA63B8BCEFA9080EA,
			);
			name = "JUCE Modules";
			sourceTree = "<group>";
		};
		843C8C31303E15669059CBE7 = {
			isa = PBXGroup;
			children = (
				FA4328C65876C3A9C9CEC80A,
				14A049F8EEC8255FCD612270,
				21C5C737DA30B85DE95BF7A8,
				E5805390D10657D4C1C0732E,
				EA0EEC0DA4A8C8AF8FEA3C3E,
				3CD806F987754A3234F06E4F,
				8D10E1C737B58AE5049364BD,
				724213486F7511BA6DC58B23,
				5E8B3B25D43369A1B9455875,
				43613EE832EDBE4D72C9FDC7,
				33C3B1EEF9597623B4EFCB2B,
				B40391250A4407321811579E,
				18AF35521CA4CB08DD7FB4BB,
				0C0577E3547496FE471787F2,
				E33BE32E38BA6F248679070A,
				8FABF3565B155262AEA003E9,
				1E7EE4898262F6DFBBBCF371,
				A51D66D8C7D834652A61B9FB,
				FFCA37645FA6E931DE146158,
				2C7B09DE2E626084A4DA0A74,
				96BF008F800D6FCD2B3D545D,
				A20A9DAB609AF8535F06B893,
			);
			name = "JUCE Library Code";
			sourceTree = "<group>";
		};
		7F177AB2F4A45E3BFA1AB95A = {
			isa = PBXGroup;
			children = (
				E214D354DF524309C2B75D3E,
				56C7F92AC03303943CF35671,
				F3B81B464D232A8E0FFD4026,
			);
			name = Resources;
			sourceTree = "<group>";
		};
		465D4FDE406CA090AEF3544A = {
			isa = PBXGroup;
			children = (
				7D197FA9555315432B6C2CC8,
				F8188B18A00A94CF940CBE1C,
				9B69D6605D4546DA43DE779F,
				6012718B61BF089F77B8213D,
				EFB8557B8CA99451CFEAA96D,
				E407F505B36B74904DA89346,
				981A3CD85585C6FBA8D72026,
				F9168C4C22B26A4261714B36,
				DE226230FA0A6B99F64F5692,
				9FD35C40CD9F752852496947,
				CA74273CEFC7EC0A6D521CBA,
				21322FB37F80F5EB48735289,
				7DE083CBDA57DD940EADF5E1,
			);
			name = Frameworks;
			sourceTree = "<group>";
		};
		3362346AED760083C27C8733 = {
			isa = PBXGroup;
			children = (
				9FD34FBE22B252DED1AD17B3,
				C11C5F8EDEBAB55626374BC5,
				5DD0AA334A46363A077533F0,
			);
			name = Products;
			sourceTree = "<group>";
		};
		98DEFC03D1DAC2C8A1352AF8 = {
			isa = PBXGroup;
			children = (
				86CB9656E2EBAAAF6DF90BF7,
				31340691F060D49A9A3D468D,
				843C8C31303E15669059CBE7,
				7F177AB2F4A45E3BFA1AB95A,
				465D4FDE406CA090AEF3544A,
				3362346AED760083C27C8733,
			);
			name = Source;
			sourceTree = "<group>";
		};
		B7F2786640D993DE7EB12160 = {
			isa = XCBuildConfiguration;
			buildSettings = {
				MACOSX_DEPLOYMENT_TARGET = 10.11;
				SDKROOT = macosx;
			};
			name = Debug;
		};
		70ADD6005C30505384D3E276 = {
			isa = XCBuildConfiguration;
			buildSettings = {
				MACOSX_DEPLOYMENT_TARGET = 10.11;
				SDKROOT = macosx;
			};
			name = Release;
		};
		13A8021AEEA033D818188B8C = {
			isa = XCBuildConfiguration;
			buildSettings = {
				CLANG_CXX_LANGUAGE_STANDARD = "c++14";
				CLANG_CXX_LIBRARY = "libc++";
				CLANG_LINK_OBJC_RUNTIME = NO;
				CODE_SIGN_IDENTITY = "";
				COMBINE_HIDPI_IMAGES = YES;
				CONFIGURATION_BUILD_DIR = "$(PROJECT_DIR)/build/$(CONFIGURATION)";
				COPY_PHASE_STRIP = NO;
				DEPLOYMENT_LOCATION = YES;
				DSTROOT = /;
				GCC_DYNAMIC_NO_PIC = NO;
				GCC_OPTIMIZATION_LEVEL = 0;
				GCC_PREPROCESSOR_DEFINITIONS = (
					"_DEBUG=1",
					"DEBUG=1",
					"JUCER_XCODE_MAC_F6D2F4CF=1",
					"JUCE_APP_VERSION=1.0.0",
					"JUCE_APP_VERSION_HEX=0x10000",
					"JucePlugin_Build_VST=0",
					"JucePlugin_Build_VST3=1",
					"JucePlugin_Build_AU=0",
					"JucePlugin_Build_AUv3=0",
					"JucePlugin_Build_RTAS=0",
					"JucePlugin_Build_AAX=0",
					"JucePlugin_Build_Standalone=0",
					"JucePlugin_Build_Unity=0",
				);
				GCC_VERSION = com.apple.compilers.llvm.clang.1_0;
				GENERATE_PKGINFO_FILE = YES;
				HEADER_SEARCH_PATHS = (
					"/Users/emmethayes/Documents/Eventide/nativeplugins-dev/plugins/ExternalSDKs/JUCE/modules/juce_audio_processors/format_types/VST3_SDK",
					"../../JuceLibraryCode",
					"/Users/emmethayes/Documents/Eventide/nativeplugins-dev/plugins/ExternalSDKs/JUCE/modules",
					"/Users/emmethayes/Documents/Eventide/nativeplugins-dev/plugins/ExternalSDKs/JUCE/modules/juce_audio_plugin_client",
					"$(inherited)",
				);
				INFOPLIST_FILE = Info-VST3.plist;
				INFOPLIST_PREPROCESS = NO;
				INSTALL_PATH = "$(HOME)/Library/Audio/Plug-Ins/VST3/";
				LIBRARY_STYLE = Bundle;
				MACOSX_DEPLOYMENT_TARGET = 10.11;
				OTHER_LDFLAGS = "-bundle -lBatSynth";
				PRODUCT_BUNDLE_IDENTIFIER = com.yourcompany.BatSynth;
				PRODUCT_NAME = "BatSynth";
				USE_HEADERMAP = NO;
				WRAPPER_EXTENSION = vst3;
			};
			name = Debug;
		};
		C71EA17780D97E9C2E49527E = {
			isa = XCBuildConfiguration;
			buildSettings = {
				CLANG_CXX_LANGUAGE_STANDARD = "c++14";
				CLANG_CXX_LIBRARY = "libc++";
				CLANG_LINK_OBJC_RUNTIME = NO;
				CODE_SIGN_IDENTITY = "";
				COMBINE_HIDPI_IMAGES = YES;
				CONFIGURATION_BUILD_DIR = "$(PROJECT_DIR)/build/$(CONFIGURATION)";
				DEAD_CODE_STRIPPING = YES;
				DEPLOYMENT_LOCATION = YES;
				DSTROOT = /;
				GCC_GENERATE_DEBUGGING_SYMBOLS = NO;
				GCC_OPTIMIZATION_LEVEL = 3;
				GCC_PREPROCESSOR_DEFINITIONS = (
					"_NDEBUG=1",
					"NDEBUG=1",
					"JUCER_XCODE_MAC_F6D2F4CF=1",
					"JUCE_APP_VERSION=1.0.0",
					"JUCE_APP_VERSION_HEX=0x10000",
					"JucePlugin_Build_VST=0",
					"JucePlugin_Build_VST3=1",
					"JucePlugin_Build_AU=0",
					"JucePlugin_Build_AUv3=0",
					"JucePlugin_Build_RTAS=0",
					"JucePlugin_Build_AAX=0",
					"JucePlugin_Build_Standalone=0",
					"JucePlugin_Build_Unity=0",
				);
				GCC_SYMBOLS_PRIVATE_EXTERN = YES;
				GCC_VERSION = com.apple.compilers.llvm.clang.1_0;
				GENERATE_PKGINFO_FILE = YES;
				HEADER_SEARCH_PATHS = (
					"/Users/emmethayes/Documents/Eventide/nativeplugins-dev/plugins/ExternalSDKs/JUCE/modules/juce_audio_processors/format_types/VST3_SDK",
					"../../JuceLibraryCode",
					"/Users/emmethayes/Documents/Eventide/nativeplugins-dev/plugins/ExternalSDKs/JUCE/modules",
					"/Users/emmethayes/Documents/Eventide/nativeplugins-dev/plugins/ExternalSDKs/JUCE/modules/juce_audio_plugin_client",
					"$(inherited)",
				);
				INFOPLIST_FILE = Info-VST3.plist;
				INFOPLIST_PREPROCESS = NO;
				INSTALL_PATH = "$(HOME)/Library/Audio/Plug-Ins/VST3/";
				LIBRARY_STYLE = Bundle;
				LLVM_LTO = YES;
				MACOSX_DEPLOYMENT_TARGET = 10.11;
				OTHER_LDFLAGS = "-bundle -lBatSynth";
				PRODUCT_BUNDLE_IDENTIFIER = com.yourcompany.BatSynth;
				PRODUCT_NAME = "BatSynth";
				USE_HEADERMAP = NO;
				WRAPPER_EXTENSION = vst3;
			};
			name = Release;
		};
		7C9A30A66BD0CB0FD30412F0 = {
			isa = XCBuildConfiguration;
			buildSettings = {
				CLANG_CXX_LANGUAGE_STANDARD = "c++14";
				CLANG_CXX_LIBRARY = "libc++";
				CLANG_LINK_OBJC_RUNTIME = NO;
				CODE_SIGN_IDENTITY = "";
				COMBINE_HIDPI_IMAGES = YES;
				CONFIGURATION_BUILD_DIR = "$(PROJECT_DIR)/build/$(CONFIGURATION)";
				COPY_PHASE_STRIP = NO;
				DEPLOYMENT_LOCATION = YES;
				DSTROOT = /;
				GCC_DYNAMIC_NO_PIC = NO;
				GCC_OPTIMIZATION_LEVEL = 0;
				GCC_PREPROCESSOR_DEFINITIONS = (
					"_DEBUG=1",
					"DEBUG=1",
					"JUCER_XCODE_MAC_F6D2F4CF=1",
					"JUCE_APP_VERSION=1.0.0",
					"JUCE_APP_VERSION_HEX=0x10000",
					"JucePlugin_Build_VST=0",
					"JucePlugin_Build_VST3=0",
					"JucePlugin_Build_AU=1",
					"JucePlugin_Build_AUv3=0",
					"JucePlugin_Build_RTAS=0",
					"JucePlugin_Build_AAX=0",
					"JucePlugin_Build_Standalone=0",
					"JucePlugin_Build_Unity=0",
				);
				GCC_VERSION = com.apple.compilers.llvm.clang.1_0;
				GENERATE_PKGINFO_FILE = YES;
				HEADER_SEARCH_PATHS = (
					"/Users/emmethayes/Documents/Eventide/nativeplugins-dev/plugins/ExternalSDKs/JUCE/modules/juce_audio_processors/format_types/VST3_SDK",
					"../../JuceLibraryCode",
					"/Users/emmethayes/Documents/Eventide/nativeplugins-dev/plugins/ExternalSDKs/JUCE/modules",
					"/Users/emmethayes/Documents/Eventide/nativeplugins-dev/plugins/ExternalSDKs/JUCE/modules/juce_audio_plugin_client",
					"$(inherited)",
				);
				INFOPLIST_FILE = Info-AU.plist;
				INFOPLIST_PREPROCESS = NO;
				INSTALL_PATH = "$(HOME)/Library/Audio/Plug-Ins/Components/";
				LIBRARY_STYLE = Bundle;
				MACOSX_DEPLOYMENT_TARGET = 10.11;
				OTHER_LDFLAGS = "-bundle -lBatSynth";
				OTHER_REZFLAGS = "-d ppc_$ppc -d i386_$i386 -d ppc64_$ppc64 -d x86_64_$x86_64 -I /System/Library/Frameworks/CoreServices.framework/Frameworks/CarbonCore.framework/Versions/A/Headers -I \"$(DEVELOPER_DIR)/Extras/CoreAudio/AudioUnits/AUPublic/AUBase\" -I \"$(DEVELOPER_DIR)/Platforms/MacOSX.platform/Developer/SDKs/MacOSX.sdk/System/Library/Frameworks/AudioUnit.framework/Headers\"";
				PRODUCT_BUNDLE_IDENTIFIER = com.yourcompany.BatSynth;
				PRODUCT_NAME = "BatSynth";
				USE_HEADERMAP = NO;
				WRAPPER_EXTENSION = component;
			};
			name = Debug;
		};
		241D97B7EEA7BA7C75420F08 = {
			isa = XCBuildConfiguration;
			buildSettings = {
				CLANG_CXX_LANGUAGE_STANDARD = "c++14";
				CLANG_CXX_LIBRARY = "libc++";
				CLANG_LINK_OBJC_RUNTIME = NO;
				CODE_SIGN_IDENTITY = "";
				COMBINE_HIDPI_IMAGES = YES;
				CONFIGURATION_BUILD_DIR = "$(PROJECT_DIR)/build/$(CONFIGURATION)";
				DEAD_CODE_STRIPPING = YES;
				DEPLOYMENT_LOCATION = YES;
				DSTROOT = /;
				GCC_GENERATE_DEBUGGING_SYMBOLS = NO;
				GCC_OPTIMIZATION_LEVEL = 3;
				GCC_PREPROCESSOR_DEFINITIONS = (
					"_NDEBUG=1",
					"NDEBUG=1",
					"JUCER_XCODE_MAC_F6D2F4CF=1",
					"JUCE_APP_VERSION=1.0.0",
					"JUCE_APP_VERSION_HEX=0x10000",
					"JucePlugin_Build_VST=0",
					"JucePlugin_Build_VST3=0",
					"JucePlugin_Build_AU=1",
					"JucePlugin_Build_AUv3=0",
					"JucePlugin_Build_RTAS=0",
					"JucePlugin_Build_AAX=0",
					"JucePlugin_Build_Standalone=0",
					"JucePlugin_Build_Unity=0",
				);
				GCC_SYMBOLS_PRIVATE_EXTERN = YES;
				GCC_VERSION = com.apple.compilers.llvm.clang.1_0;
				GENERATE_PKGINFO_FILE = YES;
				HEADER_SEARCH_PATHS = (
					"/Users/emmethayes/Documents/Eventide/nativeplugins-dev/plugins/ExternalSDKs/JUCE/modules/juce_audio_processors/format_types/VST3_SDK",
					"../../JuceLibraryCode",
					"/Users/emmethayes/Documents/Eventide/nativeplugins-dev/plugins/ExternalSDKs/JUCE/modules",
					"/Users/emmethayes/Documents/Eventide/nativeplugins-dev/plugins/ExternalSDKs/JUCE/modules/juce_audio_plugin_client",
					"$(inherited)",
				);
				INFOPLIST_FILE = Info-AU.plist;
				INFOPLIST_PREPROCESS = NO;
				INSTALL_PATH = "$(HOME)/Library/Audio/Plug-Ins/Components/";
				LIBRARY_STYLE = Bundle;
				LLVM_LTO = YES;
				MACOSX_DEPLOYMENT_TARGET = 10.11;
				OTHER_LDFLAGS = "-bundle -lBatSynth";
				OTHER_REZFLAGS = "-d ppc_$ppc -d i386_$i386 -d ppc64_$ppc64 -d x86_64_$x86_64 -I /System/Library/Frameworks/CoreServices.framework/Frameworks/CarbonCore.framework/Versions/A/Headers -I \"$(DEVELOPER_DIR)/Extras/CoreAudio/AudioUnits/AUPublic/AUBase\" -I \"$(DEVELOPER_DIR)/Platforms/MacOSX.platform/Developer/SDKs/MacOSX.sdk/System/Library/Frameworks/AudioUnit.framework/Headers\"";
				PRODUCT_BUNDLE_IDENTIFIER = com.yourcompany.BatSynth;
				PRODUCT_NAME = "BatSynth";
				USE_HEADERMAP = NO;
				WRAPPER_EXTENSION = component;
			};
			name = Release;
		};
		C52AB5333AA58283583171C2 = {
			isa = XCBuildConfiguration;
			buildSettings = {
				CLANG_CXX_LANGUAGE_STANDARD = "c++14";
				CLANG_CXX_LIBRARY = "libc++";
				CLANG_LINK_OBJC_RUNTIME = NO;
				CODE_SIGN_IDENTITY = "";
				COMBINE_HIDPI_IMAGES = YES;
				CONFIGURATION_BUILD_DIR = "$(PROJECT_DIR)/build/$(CONFIGURATION)";
				COPY_PHASE_STRIP = NO;
				GCC_DYNAMIC_NO_PIC = NO;
				GCC_OPTIMIZATION_LEVEL = 0;
				GCC_PREPROCESSOR_DEFINITIONS = (
					"_DEBUG=1",
					"DEBUG=1",
					"JUCER_XCODE_MAC_F6D2F4CF=1",
					"JUCE_APP_VERSION=1.0.0",
					"JUCE_APP_VERSION_HEX=0x10000",
					"JucePlugin_Build_VST=0",
					"JucePlugin_Build_VST3=1",
					"JucePlugin_Build_AU=1",
					"JucePlugin_Build_AUv3=0",
					"JucePlugin_Build_RTAS=0",
					"JucePlugin_Build_AAX=0",
					"JucePlugin_Build_Standalone=0",
					"JucePlugin_Build_Unity=0",
					"JUCE_SHARED_CODE=1",
				);
				GCC_VERSION = com.apple.compilers.llvm.clang.1_0;
				HEADER_SEARCH_PATHS = (
					"/Users/emmethayes/Documents/Eventide/nativeplugins-dev/plugins/ExternalSDKs/JUCE/modules/juce_audio_processors/format_types/VST3_SDK",
					"../../JuceLibraryCode",
					"/Users/emmethayes/Documents/Eventide/nativeplugins-dev/plugins/ExternalSDKs/JUCE/modules",
					"/Users/emmethayes/Documents/Eventide/nativeplugins-dev/plugins/ExternalSDKs/JUCE/modules/juce_audio_plugin_client",
					"$(inherited)",
				);
				INSTALL_PATH = "@executable_path/../Frameworks";
				MACOSX_DEPLOYMENT_TARGET = 10.11;
				PRODUCT_BUNDLE_IDENTIFIER = com.yourcompany.BatSynth;
				PRODUCT_NAME = "BatSynth";
				SKIP_INSTALL = YES;
				USE_HEADERMAP = NO;
			};
			name = Debug;
		};
		14740BE7FFAADA9B6CAB5439 = {
			isa = XCBuildConfiguration;
			buildSettings = {
				CLANG_CXX_LANGUAGE_STANDARD = "c++14";
				CLANG_CXX_LIBRARY = "libc++";
				CLANG_LINK_OBJC_RUNTIME = NO;
				CODE_SIGN_IDENTITY = "";
				COMBINE_HIDPI_IMAGES = YES;
				CONFIGURATION_BUILD_DIR = "$(PROJECT_DIR)/build/$(CONFIGURATION)";
				DEAD_CODE_STRIPPING = YES;
				GCC_GENERATE_DEBUGGING_SYMBOLS = NO;
				GCC_OPTIMIZATION_LEVEL = 3;
				GCC_PREPROCESSOR_DEFINITIONS = (
					"_NDEBUG=1",
					"NDEBUG=1",
					"JUCER_XCODE_MAC_F6D2F4CF=1",
					"JUCE_APP_VERSION=1.0.0",
					"JUCE_APP_VERSION_HEX=0x10000",
					"JucePlugin_Build_VST=0",
					"JucePlugin_Build_VST3=1",
					"JucePlugin_Build_AU=1",
					"JucePlugin_Build_AUv3=0",
					"JucePlugin_Build_RTAS=0",
					"JucePlugin_Build_AAX=0",
					"JucePlugin_Build_Standalone=0",
					"JucePlugin_Build_Unity=0",
					"JUCE_SHARED_CODE=1",
				);
				GCC_SYMBOLS_PRIVATE_EXTERN = YES;
				GCC_VERSION = com.apple.compilers.llvm.clang.1_0;
				HEADER_SEARCH_PATHS = (
					"/Users/emmethayes/Documents/Eventide/nativeplugins-dev/plugins/ExternalSDKs/JUCE/modules/juce_audio_processors/format_types/VST3_SDK",
					"../../JuceLibraryCode",
					"/Users/emmethayes/Documents/Eventide/nativeplugins-dev/plugins/ExternalSDKs/JUCE/modules",
					"/Users/emmethayes/Documents/Eventide/nativeplugins-dev/plugins/ExternalSDKs/JUCE/modules/juce_audio_plugin_client",
					"$(inherited)",
				);
				INSTALL_PATH = "@executable_path/../Frameworks";
				LLVM_LTO = YES;
				MACOSX_DEPLOYMENT_TARGET = 10.11;
				PRODUCT_BUNDLE_IDENTIFIER = com.yourcompany.BatSynth;
				PRODUCT_NAME = "BatSynth";
				SKIP_INSTALL = YES;
				USE_HEADERMAP = NO;
			};
			name = Release;
		};
		03BD96F336C67C00CE3284E5 = {
			isa = XCBuildConfiguration;
			buildSettings = {
				ALWAYS_SEARCH_USER_PATHS = NO;
				CLANG_ENABLE_OBJC_WEAK = YES;
				CLANG_WARN_BLOCK_CAPTURE_AUTORELEASING = YES;
				CLANG_WARN_BOOL_CONVERSION = YES;
				CLANG_WARN_COMMA = YES;
				CLANG_WARN_CONSTANT_CONVERSION = YES;
				CLANG_WARN_DEPRECATED_OBJC_IMPLEMENTATIONS = YES;
				CLANG_WARN_EMPTY_BODY = YES;
				CLANG_WARN_ENUM_CONVERSION = YES;
				CLANG_WARN_INFINITE_RECURSION = YES;
				CLANG_WARN_INT_CONVERSION = YES;
				CLANG_WARN_NON_LITERAL_NULL_CONVERSION = YES;
				CLANG_WARN_OBJC_IMPLICIT_RETAIN_SELF = YES;
				CLANG_WARN_OBJC_LITERAL_CONVERSION = YES;
				CLANG_WARN_RANGE_LOOP_ANALYSIS = YES;
				CLANG_WARN_STRICT_PROTOTYPES = YES;
				CLANG_WARN_SUSPICIOUS_MOVE = YES;
				CLANG_WARN_UNREACHABLE_CODE = YES;
				CLANG_WARN__DUPLICATE_METHOD_MATCH = YES;
				CODE_SIGN_IDENTITY = "";
				DEBUG_INFORMATION_FORMAT = dwarf;
				ENABLE_STRICT_OBJC_MSGSEND = YES;
				ENABLE_TESTABILITY = YES;
				GCC_C_LANGUAGE_STANDARD = c11;
				GCC_INLINES_ARE_PRIVATE_EXTERN = YES;
				GCC_MODEL_TUNING = G5;
				GCC_NO_COMMON_BLOCKS = YES;
				GCC_WARN_64_TO_32_BIT_CONVERSION = YES;
				GCC_WARN_ABOUT_RETURN_TYPE = YES;
				GCC_WARN_CHECK_SWITCH_STATEMENTS = YES;
				GCC_WARN_MISSING_PARENTHESES = YES;
				GCC_WARN_NON_VIRTUAL_DESTRUCTOR = YES;
				GCC_WARN_TYPECHECK_CALLS_TO_PRINTF = YES;
				GCC_WARN_UNDECLARED_SELECTOR = YES;
				GCC_WARN_UNINITIALIZED_AUTOS = YES;
				GCC_WARN_UNUSED_FUNCTION = YES;
				GCC_WARN_UNUSED_VARIABLE = YES;
				ONLY_ACTIVE_ARCH = YES;
				PRODUCT_NAME = "BatSynth";
				SDKROOT = macosx;
				WARNING_CFLAGS = "-Wreorder";
				ZERO_LINK = NO;
			};
			name = Debug;
		};
		0ADBF6807BB4C3F316A3B5AD = {
			isa = XCBuildConfiguration;
			buildSettings = {
				ALWAYS_SEARCH_USER_PATHS = NO;
				CLANG_ENABLE_OBJC_WEAK = YES;
				CLANG_WARN_BLOCK_CAPTURE_AUTORELEASING = YES;
				CLANG_WARN_BOOL_CONVERSION = YES;
				CLANG_WARN_COMMA = YES;
				CLANG_WARN_CONSTANT_CONVERSION = YES;
				CLANG_WARN_DEPRECATED_OBJC_IMPLEMENTATIONS = YES;
				CLANG_WARN_EMPTY_BODY = YES;
				CLANG_WARN_ENUM_CONVERSION = YES;
				CLANG_WARN_INFINITE_RECURSION = YES;
				CLANG_WARN_INT_CONVERSION = YES;
				CLANG_WARN_NON_LITERAL_NULL_CONVERSION = YES;
				CLANG_WARN_OBJC_IMPLICIT_RETAIN_SELF = YES;
				CLANG_WARN_OBJC_LITERAL_CONVERSION = YES;
				CLANG_WARN_RANGE_LOOP_ANALYSIS = YES;
				CLANG_WARN_STRICT_PROTOTYPES = YES;
				CLANG_WARN_SUSPICIOUS_MOVE = YES;
				CLANG_WARN_UNREACHABLE_CODE = YES;
				CLANG_WARN__DUPLICATE_METHOD_MATCH = YES;
				CODE_SIGN_IDENTITY = "";
				DEBUG_INFORMATION_FORMAT = dwarf;
				ENABLE_STRICT_OBJC_MSGSEND = YES;
				GCC_C_LANGUAGE_STANDARD = c11;
				GCC_INLINES_ARE_PRIVATE_EXTERN = YES;
				GCC_MODEL_TUNING = G5;
				GCC_NO_COMMON_BLOCKS = YES;
				GCC_WARN_64_TO_32_BIT_CONVERSION = YES;
				GCC_WARN_ABOUT_RETURN_TYPE = YES;
				GCC_WARN_CHECK_SWITCH_STATEMENTS = YES;
				GCC_WARN_MISSING_PARENTHESES = YES;
				GCC_WARN_NON_VIRTUAL_DESTRUCTOR = YES;
				GCC_WARN_TYPECHECK_CALLS_TO_PRINTF = YES;
				GCC_WARN_UNDECLARED_SELECTOR = YES;
				GCC_WARN_UNINITIALIZED_AUTOS = YES;
				GCC_WARN_UNUSED_FUNCTION = YES;
				GCC_WARN_UNUSED_VARIABLE = YES;
				PRODUCT_NAME = "BatSynth";
				SDKROOT = macosx;
				WARNING_CFLAGS = "-Wreorder";
				ZERO_LINK = NO;
			};
			name = Release;
		};
		DE8E7E99DF7619033BF05AFA = {
			isa = PBXTargetDependency;
			target = 9C5355605987839D08F8F186;
		};
		D92CC7FE2844CDC86F18433B = {
			isa = PBXTargetDependency;
			target = 3242F3893F267E80DD9E6893;
		};
		32553339473FFD29D110E26E = {
			isa = PBXTargetDependency;
			target = A4C12E613A4F29168DD271C3;
		};
		1FF628AD80CC73CA49B9E2BE = {
			isa = XCConfigurationList;
			buildConfigurations = (
				03BD96F336C67C00CE3284E5,
				0ADBF6807BB4C3F316A3B5AD,
			);
			defaultConfigurationIsVisible = 0;
			defaultConfigurationName = Debug;
		};
		9235EFB1D5FBCF7B7F2B9E52 = {
			isa = XCConfigurationList;
			buildConfigurations = (
				B7F2786640D993DE7EB12160,
				70ADD6005C30505384D3E276,
			);
			defaultConfigurationIsVisible = 0;
			defaultConfigurationName = Debug;
		};
		50A2C39F09352B631E887C60 = {
			isa = PBXAggregateTarget;
			buildConfigurationList = 9235EFB1D5FBCF7B7F2B9E52;
			buildPhases = ( );
			buildRules = ( );
			dependencies = (
				DE8E7E99DF7619033BF05AFA,
				D92CC7FE2844CDC86F18433B,
				32553339473FFD29D110E26E,
			);
			name = "BatSynth - All";
			productName = BatSynth;
		};
		7C21471289E3FE53F840D2F1 = {
			isa = XCConfigurationList;
			buildConfigurations = (
				13A8021AEEA033D818188B8C,
				C71EA17780D97E9C2E49527E,
			);
			defaultConfigurationIsVisible = 0;
			defaultConfigurationName = Debug;
		};
		4E0A4511298FC7BC2D3B0F32 = {
			isa = PBXResourcesBuildPhase;
			buildActionMask = 2147483647;
			files = (
				06D6038EACB727A30A51897A,
			);
			runOnlyForDeploymentPostprocessing = 0;
		};
		FE2D17CD5D4BC8755988B473 = {
			isa = PBXSourcesBuildPhase;
			buildActionMask = 2147483647;
			files = (
				2FB4D5070D3EE968B449F830,
			);
			runOnlyForDeploymentPostprocessing = 0;
		};
		E211616FEA76647F01B0C8C9 = {
			isa = PBXFrameworksBuildPhase;
			buildActionMask = 2147483647;
			files = (
				0FE8520B4E6EB4268159EBF6,
				0A1B80493EDF7DD9237129EB,
				47EB3C3932EBB0857F3D4691,
				06256E91BCE982D694A5F93C,
				D78042B4EFA8E8F0E198464E,
				3BF1306450C1FC0D5C23A641,
				7FFEDE722EC3FCC933E1BF9F,
				750BA3B803CCFB49F47E6A0B,
				70EF297EB02F41708BD55E8F,
				689F19605F1C249ACD29DEDE,
				02ABDD398F06377B9C33E29C,
				A497C0E91D922447C2F3797B,
			);
			runOnlyForDeploymentPostprocessing = 0;
		};
		9C5355605987839D08F8F186 = {
			isa = PBXNativeTarget;
			buildConfigurationList = 7C21471289E3FE53F840D2F1;
			buildPhases = (
				4E0A4511298FC7BC2D3B0F32,
				FE2D17CD5D4BC8755988B473,
				E211616FEA76647F01B0C8C9,
			);
			buildRules = ( );
			dependencies = (
				32553339473FFD29D110E26E,
			);
			name = "BatSynth - VST3";
			productName = BatSynth;
			productReference = 9FD34FBE22B252DED1AD17B3;
			productType = "com.apple.product-type.bundle";
		};
		7496CD08C8D4036BC1F1A93C = {
			isa = XCConfigurationList;
			buildConfigurations = (
				7C9A30A66BD0CB0FD30412F0,
				241D97B7EEA7BA7C75420F08,
			);
			defaultConfigurationIsVisible = 0;
			defaultConfigurationName = Debug;
		};
		2EB69F5EA51D1F27D87D551B = {
			isa = PBXResourcesBuildPhase;
			buildActionMask = 2147483647;
			files = (
				06D6038EACB727A30A51897A,
			);
			runOnlyForDeploymentPostprocessing = 0;
		};
		B34B15EFA5A8DF6FE925F22D = {
			isa = PBXRezBuildPhase;
			buildActionMask = 2147483647;
			files = (
				10CF7E7C66EF750EE256BF65,
			);
			runOnlyForDeploymentPostprocessing = 0;
		};
		E1658D475E7F46987E8278CD = {
			isa = PBXSourcesBuildPhase;
			buildActionMask = 2147483647;
			files = (
				FD2F331AAEE41404B4B4E8FA,
				174115ED0909E03AA760FAE3,
			);
			runOnlyForDeploymentPostprocessing = 0;
		};
		B06818AEC488255DE8AB3A00 = {
			isa = PBXFrameworksBuildPhase;
			buildActionMask = 2147483647;
			files = (
				EAE176F2316BF5AF9B7CCEA5,
				0FE8520B4E6EB4268159EBF6,
				0A1B80493EDF7DD9237129EB,
				47EB3C3932EBB0857F3D4691,
				06256E91BCE982D694A5F93C,
				D78042B4EFA8E8F0E198464E,
				3BF1306450C1FC0D5C23A641,
				7FFEDE722EC3FCC933E1BF9F,
				750BA3B803CCFB49F47E6A0B,
				70EF297EB02F41708BD55E8F,
				689F19605F1C249ACD29DEDE,
				02ABDD398F06377B9C33E29C,
				A497C0E91D922447C2F3797B,
			);
			runOnlyForDeploymentPostprocessing = 0;
		};
		3242F3893F267E80DD9E6893 = {
			isa = PBXNativeTarget;
			buildConfigurationList = 7496CD08C8D4036BC1F1A93C;
			buildPhases = (
				2EB69F5EA51D1F27D87D551B,
				B34B15EFA5A8DF6FE925F22D,
				E1658D475E7F46987E8278CD,
				B06818AEC488255DE8AB3A00,
			);
			buildRules = ( );
			dependencies = (
				32553339473FFD29D110E26E,
			);
			name = "BatSynth - AU";
			productName = BatSynth;
			productReference = C11C5F8EDEBAB55626374BC5;
			productType = "com.apple.product-type.bundle";
		};
		3897E31B359E4BB4672B93AB = {
			isa = XCConfigurationList;
			buildConfigurations = (
				C52AB5333AA58283583171C2,
				14740BE7FFAADA9B6CAB5439,
			);
			defaultConfigurationIsVisible = 0;
			defaultConfigurationName = Debug;
		};
		8A62DD466E304BCE36C4C13A = {
			isa = PBXSourcesBuildPhase;
			buildActionMask = 2147483647;
			files = (
				09C6777235E3F3E6AEF3D7CF,
				3E1DC3A9D1CE56F2D1C73292,
				F5DD22F5E94C7D66B6A2F803,
				98D9F93C485EA75776470480,
				EB93F2A4501C4313278126BC,
				C72F636A32FF4881FAD719E0,
				A949FA10DDDC5AC09AF9919A,
				8172958BDF55AC8772E5E950,
				507024F0F061B818BBA1D64D,
				168D4BD26C96339FACCE2B05,
				A27D4F964EC7CA496D62BC05,
				1152FA6994F1C50CE1F41059,
				D97DC19748470B4230A2B18D,
				DFE9A5BE8B23A3E57BC755D2,
				C55F4069A0BBDA33A4CF58A5,
				56576ECC78C3DAC3618A54F2,
				DD3FCCA7539F600D04465BAB,
				5E27B1257DB3F1E77625AEAE,
				2A8AEF9B0BB03E834160520D,
				BFA893A1D478A5B5FAD6376E,
			);
			runOnlyForDeploymentPostprocessing = 0;
		};
		A4C12E613A4F29168DD271C3 = {
			isa = PBXNativeTarget;
			buildConfigurationList = 3897E31B359E4BB4672B93AB;
			buildPhases = (
				8A62DD466E304BCE36C4C13A,
			);
			buildRules = ( );
			dependencies = ( );
			name = "BatSynth - Shared Code";
			productName = BatSynth;
			productReference = 5DD0AA334A46363A077533F0;
			productType = "com.apple.product-type.library.static";
		};
		F698739DCBCD5CDE5E558F10 = {
			isa = PBXProject;
			buildConfigurationList = 1FF628AD80CC73CA49B9E2BE;
			attributes = { LastUpgradeCheck = 1100; ORGANIZATIONNAME = ""; TargetAttributes = { 50A2C39F09352B631E887C60 = { SystemCapabilities = {com.apple.ApplicationGroups.iOS = { enabled = 0; }; com.apple.InAppPurchase = { enabled = 0; }; com.apple.InterAppAudio = { enabled = 0; }; com.apple.Push = { enabled = 0; }; com.apple.Sandbox = { enabled = 0; }; com.apple.HardenedRuntime = { enabled = 0; }; }; };9C5355605987839D08F8F186 = { SystemCapabilities = {com.apple.ApplicationGroups.iOS = { enabled = 0; }; com.apple.InAppPurchase = { enabled = 0; }; com.apple.InterAppAudio = { enabled = 0; }; com.apple.Push = { enabled = 0; }; com.apple.Sandbox = { enabled = 0; }; com.apple.HardenedRuntime = { enabled = 0; }; }; };3242F3893F267E80DD9E6893 = { SystemCapabilities = {com.apple.ApplicationGroups.iOS = { enabled = 0; }; com.apple.InAppPurchase = { enabled = 0; }; com.apple.InterAppAudio = { enabled = 0; }; com.apple.Push = { enabled = 0; }; com.apple.Sandbox = { enabled = 0; }; com.apple.HardenedRuntime = { enabled = 0; }; }; };A4C12E613A4F29168DD271C3 = { SystemCapabilities = {com.apple.ApplicationGroups.iOS = { enabled = 0; }; com.apple.InAppPurchase = { enabled = 0; }; com.apple.InterAppAudio = { enabled = 0; }; com.apple.Push = { enabled = 0; }; com.apple.Sandbox = { enabled = 0; }; com.apple.HardenedRuntime = { enabled = 0; }; }; }; }; };
			compatibilityVersion = "Xcode 3.2";
			hasScannedForEncodings = 0;
			mainGroup = 98DEFC03D1DAC2C8A1352AF8;
			projectDirPath = "";
			projectRoot = "";
			targets = (50A2C39F09352B631E887C60, 9C5355605987839D08F8F186, 3242F3893F267E80DD9E6893, A4C12E613A4F29168DD271C3);
			knownRegions = (en, Base);
		};
	};
	rootObject = F698739DCBCD5CDE5E558F10;
}
